{
  "name": "svelte-app",
  "version": "1.0.0",
  "lockfileVersion": 1,
  "requires": true,
  "dependencies": {
    "@rollup/plugin-commonjs": {
      "version": "14.0.0",
      "requires": {
        "@rollup/pluginutils": "^3.0.8",
        "commondir": "^1.0.1",
        "estree-walker": "^1.0.1",
        "glob": "^7.1.2",
        "is-reference": "^1.1.2",
        "magic-string": "^0.25.2",
        "resolve": "^1.11.0"
      },
      "dependencies": {
        "@rollup/pluginutils": {
          "version": "3.1.0",
          "bundled": true,
          "requires": {
            "@types/estree": "0.0.39",
            "estree-walker": "^1.0.1",
            "picomatch": "^2.2.2"
          }
        },
        "@types/estree": {
          "version": "0.0.39",
          "bundled": true
        },
        "balanced-match": {
          "version": "1.0.0",
          "bundled": true
        },
        "brace-expansion": {
          "version": "1.1.11",
          "bundled": true,
          "requires": {
            "balanced-match": "^1.0.0",
            "concat-map": "0.0.1"
          }
        },
        "commondir": {
          "version": "1.0.1",
          "bundled": true
        },
        "concat-map": {
          "version": "0.0.1",
          "bundled": true
        },
        "estree-walker": {
          "version": "1.0.1",
          "bundled": true
        },
        "fs.realpath": {
          "version": "1.0.0",
          "bundled": true
        },
        "function-bind": {
          "version": "1.1.1",
          "bundled": true
        },
        "glob": {
          "version": "7.1.6",
          "bundled": true,
          "requires": {
            "fs.realpath": "^1.0.0",
            "inflight": "^1.0.4",
            "inherits": "2",
            "minimatch": "^3.0.4",
            "once": "^1.3.0",
            "path-is-absolute": "^1.0.0"
          }
        },
        "has": {
          "version": "1.0.3",
          "bundled": true,
          "requires": {
            "function-bind": "^1.1.1"
          }
        },
        "inflight": {
          "version": "1.0.6",
          "bundled": true,
          "requires": {
            "once": "^1.3.0",
            "wrappy": "1"
          }
        },
        "inherits": {
          "version": "2.0.4",
          "bundled": true
        },
        "is-core-module": {
          "version": "2.2.0",
          "bundled": true,
          "requires": {
            "has": "^1.0.3"
          }
        },
        "is-reference": {
          "version": "1.2.1",
          "bundled": true,
          "requires": {
            "@types/estree": "*"
          }
        },
        "magic-string": {
          "version": "0.25.7",
          "bundled": true,
          "requires": {
            "sourcemap-codec": "^1.4.4"
          }
        },
        "minimatch": {
          "version": "3.0.4",
          "bundled": true,
          "requires": {
            "brace-expansion": "^1.1.7"
          }
        },
        "once": {
          "version": "1.4.0",
          "bundled": true,
          "requires": {
            "wrappy": "1"
          }
        },
        "path-is-absolute": {
          "version": "1.0.1",
          "bundled": true
        },
        "path-parse": {
          "version": "1.0.6",
          "bundled": true
        },
        "picomatch": {
          "version": "2.2.2",
          "bundled": true
        },
        "resolve": {
          "version": "1.19.0",
          "bundled": true,
          "requires": {
            "is-core-module": "^2.1.0",
            "path-parse": "^1.0.6"
          }
        },
        "sourcemap-codec": {
          "version": "1.4.8",
          "bundled": true
        },
        "wrappy": {
          "version": "1.0.2",
          "bundled": true
        }
      }
    },
    "@rollup/plugin-node-resolve": {
      "version": "8.4.0",
      "requires": {
        "@rollup/pluginutils": "^3.1.0",
        "@types/resolve": "1.17.1",
        "builtin-modules": "^3.1.0",
        "deep-freeze": "^0.0.1",
        "deepmerge": "^4.2.2",
        "is-module": "^1.0.0",
        "resolve": "^1.17.0"
      },
      "dependencies": {
        "@rollup/pluginutils": {
          "version": "3.1.0",
          "bundled": true,
          "requires": {
            "@types/estree": "0.0.39",
            "estree-walker": "^1.0.1",
            "picomatch": "^2.2.2"
          }
        },
        "@types/estree": {
          "version": "0.0.39",
          "bundled": true
        },
        "@types/node": {
          "version": "14.14.14",
          "bundled": true
        },
        "@types/resolve": {
          "version": "1.17.1",
          "bundled": true,
          "requires": {
            "@types/node": "*"
          }
        },
        "builtin-modules": {
          "version": "3.1.0",
          "bundled": true
        },
        "deep-freeze": {
          "version": "0.0.1",
          "bundled": true
        },
        "deepmerge": {
          "version": "4.2.2",
          "bundled": true
        },
        "estree-walker": {
          "version": "1.0.1",
          "bundled": true
        },
        "function-bind": {
          "version": "1.1.1",
          "bundled": true
        },
        "has": {
          "version": "1.0.3",
          "bundled": true,
          "requires": {
            "function-bind": "^1.1.1"
          }
        },
        "is-core-module": {
          "version": "2.2.0",
          "bundled": true,
          "requires": {
            "has": "^1.0.3"
          }
        },
        "is-module": {
          "version": "1.0.0",
          "bundled": true
        },
        "path-parse": {
          "version": "1.0.6",
          "bundled": true
        },
        "picomatch": {
          "version": "2.2.2",
          "bundled": true
        },
        "resolve": {
          "version": "1.19.0",
          "bundled": true,
          "requires": {
            "is-core-module": "^2.1.0",
            "path-parse": "^1.0.6"
          }
        }
      }
    },
    "intersection-observer": {
      "version": "0.11.0"
    },
    "rollup": {
      "version": "2.23.0",
      "requires": {
        "fsevents": "~2.1.2"
      },
      "dependencies": {
        "fsevents": {
          "version": "2.1.3",
          "bundled": true,
          "optional": true
        }
      }
    },
    "rollup-plugin-livereload": {
      "version": "1.3.0",
      "requires": {
        "livereload": "^0.9.1"
      },
      "dependencies": {
        "anymatch": {
          "version": "3.1.1",
          "bundled": true,
          "requires": {
            "normalize-path": "^3.0.0",
            "picomatch": "^2.0.4"
          }
        },
        "async-limiter": {
          "version": "1.0.1",
          "bundled": true
        },
        "binary-extensions": {
          "version": "2.1.0",
          "bundled": true
        },
        "braces": {
          "version": "3.0.2",
          "bundled": true,
          "requires": {
            "fill-range": "^7.0.1"
          }
        },
        "chokidar": {
          "version": "3.4.3",
          "bundled": true,
          "requires": {
            "anymatch": "~3.1.1",
            "braces": "~3.0.2",
            "fsevents": "~2.1.2",
            "glob-parent": "~5.1.0",
            "is-binary-path": "~2.1.0",
            "is-glob": "~4.0.1",
            "normalize-path": "~3.0.0",
            "readdirp": "~3.5.0"
          }
        },
        "fill-range": {
          "version": "7.0.1",
          "bundled": true,
          "requires": {
            "to-regex-range": "^5.0.1"
          }
        },
        "fsevents": {
          "version": "2.1.3",
          "bundled": true,
          "optional": true
        },
        "glob-parent": {
          "version": "5.1.1",
          "bundled": true,
          "requires": {
            "is-glob": "^4.0.1"
          }
        },
        "is-binary-path": {
          "version": "2.1.0",
          "bundled": true,
          "requires": {
            "binary-extensions": "^2.0.0"
          }
        },
        "is-extglob": {
          "version": "2.1.1",
          "bundled": true
        },
        "is-glob": {
          "version": "4.0.1",
          "bundled": true,
          "requires": {
            "is-extglob": "^2.1.1"
          }
        },
        "is-number": {
          "version": "7.0.0",
          "bundled": true
        },
        "livereload": {
          "version": "0.9.1",
          "bundled": true,
          "requires": {
            "chokidar": "^3.3.0",
            "livereload-js": "^3.1.0",
            "opts": ">= 1.2.0",
            "ws": "^6.2.1"
          }
        },
        "livereload-js": {
          "version": "3.3.1",
          "bundled": true
        },
        "normalize-path": {
          "version": "3.0.0",
          "bundled": true
        },
        "opts": {
          "version": "2.0.2",
          "bundled": true
        },
        "picomatch": {
          "version": "2.2.2",
          "bundled": true
        },
        "readdirp": {
          "version": "3.5.0",
          "bundled": true,
          "requires": {
            "picomatch": "^2.2.1"
          }
        },
        "to-regex-range": {
          "version": "5.0.1",
          "bundled": true,
          "requires": {
            "is-number": "^7.0.0"
          }
        },
        "ws": {
          "version": "6.2.1",
          "bundled": true,
          "requires": {
            "async-limiter": "~1.0.0"
          }
        }
      }
    },
    "rollup-plugin-polyfill": {
      "version": "3.0.0",
      "requires": {
        "magic-string": "^0.25.3"
      },
      "dependencies": {
        "magic-string": {
          "version": "0.25.7",
          "bundled": true,
          "requires": {
            "sourcemap-codec": "^1.4.4"
          }
        },
        "sourcemap-codec": {
          "version": "1.4.8",
          "bundled": true
        }
      }
    },
    "rollup-plugin-svelte": {
      "version": "5.2.3",
      "requires": {
        "require-relative": "^0.8.7",
        "rollup-pluginutils": "^2.8.2",
        "sourcemap-codec": "^1.4.8"
      },
      "dependencies": {
        "estree-walker": {
          "version": "0.6.1",
          "bundled": true
        },
        "require-relative": {
          "version": "0.8.7",
          "bundled": true
        },
        "rollup-pluginutils": {
          "version": "2.8.2",
          "bundled": true,
          "requires": {
            "estree-walker": "^0.6.1"
          }
        },
        "sourcemap-codec": {
          "version": "1.4.8",
          "bundled": true
        }
      }
    },
    "rollup-plugin-terser": {
      "version": "6.1.0",
      "requires": {
        "@babel/code-frame": "^7.8.3",
        "jest-worker": "^26.0.0",
        "serialize-javascript": "^3.0.0",
        "terser": "^4.7.0"
      },
      "dependencies": {
        "@babel/code-frame": {
          "version": "7.12.11",
          "bundled": true,
          "requires": {
            "@babel/highlight": "^7.10.4"
          }
        },
        "@babel/helper-validator-identifier": {
          "version": "7.12.11",
          "bundled": true
        },
        "@babel/highlight": {
          "version": "7.10.4",
          "bundled": true,
          "requires": {
            "@babel/helper-validator-identifier": "^7.10.4",
            "chalk": "^2.0.0",
            "js-tokens": "^4.0.0"
          }
        },
        "@types/node": {
          "version": "14.14.14",
          "bundled": true
        },
        "ansi-styles": {
          "version": "3.2.1",
          "bundled": true,
          "requires": {
            "color-convert": "^1.9.0"
          }
        },
        "buffer-from": {
          "version": "1.1.1",
          "bundled": true
        },
        "chalk": {
          "version": "2.4.2",
          "bundled": true,
          "requires": {
            "ansi-styles": "^3.2.1",
            "escape-string-regexp": "^1.0.5",
            "supports-color": "^5.3.0"
          }
        },
        "color-convert": {
          "version": "1.9.3",
          "bundled": true,
          "requires": {
            "color-name": "1.1.3"
          }
        },
        "color-name": {
          "version": "1.1.3",
          "bundled": true
        },
        "commander": {
          "version": "2.20.3",
          "bundled": true
        },
        "escape-string-regexp": {
          "version": "1.0.5",
          "bundled": true
        },
        "has-flag": {
          "version": "3.0.0",
          "bundled": true
        },
        "jest-worker": {
          "version": "26.6.2",
          "bundled": true,
          "requires": {
            "@types/node": "*",
            "merge-stream": "^2.0.0",
            "supports-color": "^7.0.0"
          },
          "dependencies": {
            "has-flag": {
              "version": "4.0.0",
              "bundled": true
            },
            "supports-color": {
              "version": "7.2.0",
              "bundled": true,
              "requires": {
                "has-flag": "^4.0.0"
              }
            }
          }
        },
        "js-tokens": {
          "version": "4.0.0",
          "bundled": true
        },
        "merge-stream": {
          "version": "2.0.0",
          "bundled": true
        },
        "randombytes": {
          "version": "2.1.0",
          "bundled": true,
          "requires": {
            "safe-buffer": "^5.1.0"
          }
        },
        "safe-buffer": {
          "version": "5.2.1",
          "bundled": true
        },
        "serialize-javascript": {
          "version": "3.1.0",
          "bundled": true,
          "requires": {
            "randombytes": "^2.1.0"
          }
        },
        "source-map": {
          "version": "0.6.1",
          "bundled": true
        },
        "source-map-support": {
          "version": "0.5.19",
          "bundled": true,
          "requires": {
            "buffer-from": "^1.0.0",
            "source-map": "^0.6.0"
          }
        },
        "supports-color": {
          "version": "5.5.0",
          "bundled": true,
          "requires": {
            "has-flag": "^3.0.0"
          }
        },
        "terser": {
          "version": "4.8.0",
          "bundled": true,
          "requires": {
            "commander": "^2.20.0",
            "source-map": "~0.6.1",
            "source-map-support": "~0.5.12"
          }
        }
      }
    },
    "sirv-cli": {
      "version": "1.0.3",
      "requires": {
        "console-clear": "^1.1.0",
        "get-port": "^3.2.0",
        "kleur": "^3.0.0",
        "local-access": "^1.0.1",
        "sade": "^1.6.0",
        "semiver": "^1.0.0",
        "sirv": "^1.0.1",
        "tinydate": "^1.0.0"
      },
      "dependencies": {
        "@polka/url": {
          "version": "1.0.0-next.11",
          "bundled": true
        },
        "console-clear": {
          "version": "1.1.1",
          "bundled": true
        },
        "get-port": {
          "version": "3.2.0",
          "bundled": true
        },
        "kleur": {
          "version": "3.0.3",
          "bundled": true
        },
        "local-access": {
          "version": "1.1.0",
          "bundled": true
        },
        "mime": {
          "version": "2.4.7",
          "bundled": true
        },
        "mri": {
          "version": "1.1.6",
          "bundled": true
        },
        "sade": {
          "version": "1.7.4",
          "bundled": true,
          "requires": {
            "mri": "^1.1.0"
          }
        },
        "semiver": {
          "version": "1.1.0",
          "bundled": true
        },
        "sirv": {
          "version": "1.0.10",
          "bundled": true,
          "requires": {
            "@polka/url": "^1.0.0-next.9",
            "mime": "^2.3.1",
            "totalist": "^1.0.0"
          }
        },
        "tinydate": {
          "version": "1.3.0",
          "bundled": true
        },
        "totalist": {
          "version": "1.1.0",
          "bundled": true
        }
      }
    },
    "svelte": {
      "version": "3.24.0"
    },
    "svelte-inview": {
      "version": "1.0.0"
    }
  }
}
